
Microsoft Visual Studio Solution File, Format Version 12.00
# Visual Studio Version 17
VisualStudioVersion = 17.8.34309.116
MinimumVisualStudioVersion = 10.0.40219.1
Project("{FAE04EC0-301F-11D3-BF4B-00C04F79EFBC}") = "WpfApp1", "WpfApp1\WpfApp1.csproj", "{2B499979-E0AB-413B-BD85-43ADFF307D48}"
EndProject
Global
	GlobalSection(SolutionConfigurationPlatforms) = preSolution
		Debug|Any CPU = Debug|Any CPU
		Release|Any CPU = Release|Any CPU
	EndGlobalSection
	GlobalSection(ProjectConfigurationPlatforms) = postSolution
		{2B499979-E0AB-413B-BD85-43ADFF307D48}.Debug|Any CPU.ActiveCfg = Debug|Any CPU
		{2B499979-E0AB-413B-BD85-43ADFF307D48}.Debug|Any CPU.Build.0 = Debug|Any CPU
		{2B499979-E0AB-413B-BD85-43ADFF307D48}.Release|Any CPU.ActiveCfg = Release|Any CPU
		{2B499979-E0AB-413B-BD85-43ADFF307D48}.Release|Any CPU.Build.0 = Release|Any CPU
	EndGlobalSection
	GlobalSection(SolutionProperties) = preSolution
		HideSolutionNode = FALSE
	EndGlobalSection
	GlobalSection(ExtensibilityGlobals) = postSolution
		SolutionGuid = {03E83C38-5097-422B-8480-41152BE26A4B}
	EndGlobalSection
EndGlobal
